
Microsoft Visual Studio Solution File, Format Version 12.00
Project("{FAE04EC0-301F-11D3-BF4B-00C04F79EFBC}") = "Transmogrifier", "Transmogrifier\Transmogrifier.csproj", "{D22CCA0D-EB2F-44F7-B989-AB04B6708046}"
EndProject
Global
	GlobalSection(SolutionConfigurationPlatforms) = preSolution
		Debug|Any CPU = Debug|Any CPU
		Release|Any CPU = Release|Any CPU
	EndGlobalSection
	GlobalSection(ProjectConfigurationPlatforms) = postSolution
		{D22CCA0D-EB2F-44F7-B989-AB04B6708046}.Debug|Any CPU.ActiveCfg = Debug|Any CPU
		{D22CCA0D-EB2F-44F7-B989-AB04B6708046}.Debug|Any CPU.Build.0 = Debug|Any CPU
		{D22CCA0D-EB2F-44F7-B989-AB04B6708046}.Release|Any CPU.ActiveCfg = Release|Any CPU
		{D22CCA0D-EB2F-44F7-B989-AB04B6708046}.Release|Any CPU.Build.0 = Release|Any CPU
	EndGlobalSection
EndGlobal
